{
  "name": "web vitals 1.0",
  "version": "1.0.0",
  "lockfileVersion": 1,
  "requires": true,
  "dependencies": {
    "web-vitals": {
      "version": "2.0.1",
      "resolved": "https://registry.npmjs.org/web-vitals/-/web-vitals-2.0.1.tgz",
      "integrity": "sha512-niqKyp2T6xF9EzSi+xx+V6qitE0YfagzfUmDAa9qeCrIVeyfzQQ85Uy0ykeRlEVDCCqkhYccoUunNf9ZIQcvtA=="
    }
  }
}
